schema: '2.0'
stages:
  get_data:
    cmd: python scripts/data.py
    deps:
    - path: scripts/data.py
      hash: md5
      md5: 0cb91ccf334d3a8c724bcfb33d59cc59
      size: 1495
    params:
      params.yaml:
        index_col: customer_id
    outs:
    - path: data/initial_data.csv
      hash: md5
      md5: 9fd25519d819cf82b23dab82662dc39a
      size: 822095
      cloud:
        my_storage:
          etag: 9fd25519d819cf82b23dab82662dc39a
          version_id: 00063312884B7DDF
  fit_model:
    cmd: python scripts/fit.py
    deps:
    - path: data/initial_data.csv
      hash: md5
      md5: 9fd25519d819cf82b23dab82662dc39a
      size: 822095
    - path: scripts/fit.py
      hash: md5
      md5: 3d7b8da33915af30295051c2316fc0d7
      size: 2040
    params:
      params.yaml:
        C: 1
        auto_class_weights: Balanced
        index_col: customer_id
        one_hot_drop: if_binary
        penalty: ’l2’
        target_col: target
    outs:
    - path: models/fitted_model.pkl
      hash: md5
      md5: 6ba0874c61524929ab4117dec1387913
      size: 10670
  evaluate_model:
    cmd: python scripts/evaluate.py
    deps:
    - path: models/fitted_model.pkl
      hash: md5
      md5: 6ba0874c61524929ab4117dec1387913
      size: 10670
    - path: scripts/evaluate.py
      hash: md5
      md5: 849cd831ef71683fee738f3b0680bf2b
      size: 1691
    params:
      params.yaml:
        index_col: customer_id
        metrics:
        - f1
        - roc_auc
        n_jobs: -1
        n_splits: 5
        target_col: target
    outs:
    - path: cv_results/cv_res.json
      hash: md5
      md5: 3de02b0269f9b0e9547fd5a0e9926bb5
      size: 142
